
Microsoft Visual Studio Solution File, Format Version 12.00
# Visual Studio Version 16
VisualStudioVersion = 16.0.29020.237
MinimumVisualStudioVersion = 10.0.40219.1
Project("{9A19103F-16F7-4668-BE54-9A1E7A4F7556}") = "ZsqAbp.Blog.Domain", "src\ZsqAbp.Blog.Domain\ZsqAbp.Blog.Domain.csproj", "{554AD327-6DBA-4F8F-96F8-81CE7A0C863F}"
EndProject
Project("{9A19103F-16F7-4668-BE54-9A1E7A4F7556}") = "ZsqAbp.Blog.Application", "src\ZsqAbp.Blog.Application\ZsqAbp.Blog.Application.csproj", "{1A94A50E-06DC-43C1-80B5-B662820EC3EB}"
EndProject
Project("{9A19103F-16F7-4668-BE54-9A1E7A4F7556}") = "ZsqAbp.Blog.EntityFrameworkCore", "src\ZsqAbp.Blog.EntityFrameworkCore\ZsqAbp.Blog.EntityFrameworkCore.csproj", "{C956DD76-69C8-4A9C-83EA-D17DF83340FD}"
EndProject
Project("{9A19103F-16F7-4668-BE54-9A1E7A4F7556}") = "ZsqAbp.Blog.HttpApi.Hosting", "src\ZsqAbp.Blog.HttpApi.Hosting\ZsqAbp.Blog.HttpApi.Hosting.csproj", "{068855E8-9240-4F1A-910B-CF825794513B}"
EndProject
Project("{2150E333-8FDC-42A3-9474-1A3956D46DE8}") = "src", "src", "{CA9AC87F-097E-4F15-8393-4BC07735A5B0}"
EndProject
Project("{9A19103F-16F7-4668-BE54-9A1E7A4F7556}") = "ZsqAbp.Blog.EntityFrameworkCore.DbMigrations", "src\ZsqAbp.Blog.EntityFrameworkCore.DbMigrations\ZsqAbp.Blog.EntityFrameworkCore.DbMigrations.csproj", "{0372FA84-C517-4EB3-9A9F-B9ACAC0CA5E0}"
EndProject
Project("{9A19103F-16F7-4668-BE54-9A1E7A4F7556}") = "ZsqAbp.Blog.Domain.Shared", "src\ZsqAbp.Blog.Domain.Shared\ZsqAbp.Blog.Domain.Shared.csproj", "{42F719ED-8413-4895-B5B4-5AB56079BC66}"
EndProject
Project("{9A19103F-16F7-4668-BE54-9A1E7A4F7556}") = "ZsqAbp.Blog.Application.Contracts", "src\ZsqAbp.Blog.Application.Contracts\ZsqAbp.Blog.Application.Contracts.csproj", "{520659C8-C734-4298-A3DA-B539DB9DFC0B}"
EndProject
Project("{9A19103F-16F7-4668-BE54-9A1E7A4F7556}") = "ZsqAbp.Blog.HttpApi", "src\ZsqAbp.Blog.HttpApi\ZsqAbp.Blog.HttpApi.csproj", "{4164BDF7-F527-4E85-9CE6-E3C2D7426A27}"
EndProject
Project("{2150E333-8FDC-42A3-9474-1A3956D46DE8}") = "solution-items", "solution-items", "{0F35132C-A612-4848-A6A3-C4749214AEFB}"
EndProject
Project("{FAE04EC0-301F-11D3-BF4B-00C04F79EFBC}") = "ZsqAbp.Blog.Application.Caching", "src\ZsqAbp.Blog.Application.Caching\ZsqAbp.Blog.Application.Caching.csproj", "{91B39ECD-2E1F-4E03-B6AA-805CB575BBDF}"
EndProject
Project("{FAE04EC0-301F-11D3-BF4B-00C04F79EFBC}") = "ZsqAbp.Blog.BackgroundJobs", "src\ZsqAbp.Blog.BackgroundJobs\ZsqAbp.Blog.BackgroundJobs.csproj", "{80D990B1-3B77-478D-AB55-1AEFFD252BD0}"
EndProject
Project("{FAE04EC0-301F-11D3-BF4B-00C04F79EFBC}") = "ZsqAbp.Blog.Swagger", "src\ZsqAbp.Blog.Swagger\ZsqAbp.Blog.Swagger.csproj", "{334ADF75-126B-41DA-B7EF-8CADB6E1EEE4}"
EndProject
Project("{FAE04EC0-301F-11D3-BF4B-00C04F79EFBC}") = "ZsqAbp.Blog.ToolKits", "src\ZsqAbp.Blog.ToolKits\ZsqAbp.Blog.ToolKits.csproj", "{959801B5-16B2-4DBA-9084-16E160EB3E82}"
EndProject
Global
	GlobalSection(SolutionConfigurationPlatforms) = preSolution
		Debug|Any CPU = Debug|Any CPU
		Release|Any CPU = Release|Any CPU
	EndGlobalSection
	GlobalSection(ProjectConfigurationPlatforms) = postSolution
		{554AD327-6DBA-4F8F-96F8-81CE7A0C863F}.Debug|Any CPU.ActiveCfg = Debug|Any CPU
		{554AD327-6DBA-4F8F-96F8-81CE7A0C863F}.Debug|Any CPU.Build.0 = Debug|Any CPU
		{554AD327-6DBA-4F8F-96F8-81CE7A0C863F}.Release|Any CPU.ActiveCfg = Release|Any CPU
		{554AD327-6DBA-4F8F-96F8-81CE7A0C863F}.Release|Any CPU.Build.0 = Release|Any CPU
		{1A94A50E-06DC-43C1-80B5-B662820EC3EB}.Debug|Any CPU.ActiveCfg = Debug|Any CPU
		{1A94A50E-06DC-43C1-80B5-B662820EC3EB}.Debug|Any CPU.Build.0 = Debug|Any CPU
		{1A94A50E-06DC-43C1-80B5-B662820EC3EB}.Release|Any CPU.ActiveCfg = Release|Any CPU
		{1A94A50E-06DC-43C1-80B5-B662820EC3EB}.Release|Any CPU.Build.0 = Release|Any CPU
		{C956DD76-69C8-4A9C-83EA-D17DF83340FD}.Debug|Any CPU.ActiveCfg = Debug|Any CPU
		{C956DD76-69C8-4A9C-83EA-D17DF83340FD}.Debug|Any CPU.Build.0 = Debug|Any CPU
		{C956DD76-69C8-4A9C-83EA-D17DF83340FD}.Release|Any CPU.ActiveCfg = Release|Any CPU
		{C956DD76-69C8-4A9C-83EA-D17DF83340FD}.Release|Any CPU.Build.0 = Release|Any CPU
		{068855E8-9240-4F1A-910B-CF825794513B}.Debug|Any CPU.ActiveCfg = Debug|Any CPU
		{068855E8-9240-4F1A-910B-CF825794513B}.Debug|Any CPU.Build.0 = Debug|Any CPU
		{068855E8-9240-4F1A-910B-CF825794513B}.Release|Any CPU.ActiveCfg = Release|Any CPU
		{068855E8-9240-4F1A-910B-CF825794513B}.Release|Any CPU.Build.0 = Release|Any CPU
		{0372FA84-C517-4EB3-9A9F-B9ACAC0CA5E0}.Debug|Any CPU.ActiveCfg = Debug|Any CPU
		{0372FA84-C517-4EB3-9A9F-B9ACAC0CA5E0}.Debug|Any CPU.Build.0 = Debug|Any CPU
		{0372FA84-C517-4EB3-9A9F-B9ACAC0CA5E0}.Release|Any CPU.ActiveCfg = Release|Any CPU
		{0372FA84-C517-4EB3-9A9F-B9ACAC0CA5E0}.Release|Any CPU.Build.0 = Release|Any CPU
		{42F719ED-8413-4895-B5B4-5AB56079BC66}.Debug|Any CPU.ActiveCfg = Debug|Any CPU
		{42F719ED-8413-4895-B5B4-5AB56079BC66}.Debug|Any CPU.Build.0 = Debug|Any CPU
		{42F719ED-8413-4895-B5B4-5AB56079BC66}.Release|Any CPU.ActiveCfg = Release|Any CPU
		{42F719ED-8413-4895-B5B4-5AB56079BC66}.Release|Any CPU.Build.0 = Release|Any CPU
		{520659C8-C734-4298-A3DA-B539DB9DFC0B}.Debug|Any CPU.ActiveCfg = Debug|Any CPU
		{520659C8-C734-4298-A3DA-B539DB9DFC0B}.Debug|Any CPU.Build.0 = Debug|Any CPU
		{520659C8-C734-4298-A3DA-B539DB9DFC0B}.Release|Any CPU.ActiveCfg = Release|Any CPU
		{520659C8-C734-4298-A3DA-B539DB9DFC0B}.Release|Any CPU.Build.0 = Release|Any CPU
		{4164BDF7-F527-4E85-9CE6-E3C2D7426A27}.Debug|Any CPU.ActiveCfg = Debug|Any CPU
		{4164BDF7-F527-4E85-9CE6-E3C2D7426A27}.Debug|Any CPU.Build.0 = Debug|Any CPU
		{4164BDF7-F527-4E85-9CE6-E3C2D7426A27}.Release|Any CPU.ActiveCfg = Release|Any CPU
		{4164BDF7-F527-4E85-9CE6-E3C2D7426A27}.Release|Any CPU.Build.0 = Release|Any CPU
		{91B39ECD-2E1F-4E03-B6AA-805CB575BBDF}.Debug|Any CPU.ActiveCfg = Debug|Any CPU
		{91B39ECD-2E1F-4E03-B6AA-805CB575BBDF}.Debug|Any CPU.Build.0 = Debug|Any CPU
		{91B39ECD-2E1F-4E03-B6AA-805CB575BBDF}.Release|Any CPU.ActiveCfg = Release|Any CPU
		{91B39ECD-2E1F-4E03-B6AA-805CB575BBDF}.Release|Any CPU.Build.0 = Release|Any CPU
		{80D990B1-3B77-478D-AB55-1AEFFD252BD0}.Debug|Any CPU.ActiveCfg = Debug|Any CPU
		{80D990B1-3B77-478D-AB55-1AEFFD252BD0}.Debug|Any CPU.Build.0 = Debug|Any CPU
		{80D990B1-3B77-478D-AB55-1AEFFD252BD0}.Release|Any CPU.ActiveCfg = Release|Any CPU
		{80D990B1-3B77-478D-AB55-1AEFFD252BD0}.Release|Any CPU.Build.0 = Release|Any CPU
		{334ADF75-126B-41DA-B7EF-8CADB6E1EEE4}.Debug|Any CPU.ActiveCfg = Debug|Any CPU
		{334ADF75-126B-41DA-B7EF-8CADB6E1EEE4}.Debug|Any CPU.Build.0 = Debug|Any CPU
		{334ADF75-126B-41DA-B7EF-8CADB6E1EEE4}.Release|Any CPU.ActiveCfg = Release|Any CPU
		{334ADF75-126B-41DA-B7EF-8CADB6E1EEE4}.Release|Any CPU.Build.0 = Release|Any CPU
		{959801B5-16B2-4DBA-9084-16E160EB3E82}.Debug|Any CPU.ActiveCfg = Debug|Any CPU
		{959801B5-16B2-4DBA-9084-16E160EB3E82}.Debug|Any CPU.Build.0 = Debug|Any CPU
		{959801B5-16B2-4DBA-9084-16E160EB3E82}.Release|Any CPU.ActiveCfg = Release|Any CPU
		{959801B5-16B2-4DBA-9084-16E160EB3E82}.Release|Any CPU.Build.0 = Release|Any CPU
	EndGlobalSection
	GlobalSection(SolutionProperties) = preSolution
		HideSolutionNode = FALSE
	EndGlobalSection
	GlobalSection(NestedProjects) = preSolution
		{554AD327-6DBA-4F8F-96F8-81CE7A0C863F} = {CA9AC87F-097E-4F15-8393-4BC07735A5B0}
		{1A94A50E-06DC-43C1-80B5-B662820EC3EB} = {CA9AC87F-097E-4F15-8393-4BC07735A5B0}
		{C956DD76-69C8-4A9C-83EA-D17DF83340FD} = {CA9AC87F-097E-4F15-8393-4BC07735A5B0}
		{068855E8-9240-4F1A-910B-CF825794513B} = {CA9AC87F-097E-4F15-8393-4BC07735A5B0}
		{0372FA84-C517-4EB3-9A9F-B9ACAC0CA5E0} = {CA9AC87F-097E-4F15-8393-4BC07735A5B0}
		{42F719ED-8413-4895-B5B4-5AB56079BC66} = {CA9AC87F-097E-4F15-8393-4BC07735A5B0}
		{520659C8-C734-4298-A3DA-B539DB9DFC0B} = {CA9AC87F-097E-4F15-8393-4BC07735A5B0}
		{4164BDF7-F527-4E85-9CE6-E3C2D7426A27} = {CA9AC87F-097E-4F15-8393-4BC07735A5B0}
		{91B39ECD-2E1F-4E03-B6AA-805CB575BBDF} = {CA9AC87F-097E-4F15-8393-4BC07735A5B0}
		{80D990B1-3B77-478D-AB55-1AEFFD252BD0} = {CA9AC87F-097E-4F15-8393-4BC07735A5B0}
		{334ADF75-126B-41DA-B7EF-8CADB6E1EEE4} = {CA9AC87F-097E-4F15-8393-4BC07735A5B0}
		{959801B5-16B2-4DBA-9084-16E160EB3E82} = {CA9AC87F-097E-4F15-8393-4BC07735A5B0}
	EndGlobalSection
	GlobalSection(ExtensibilityGlobals) = postSolution
		SolutionGuid = {28315BFD-90E7-4E14-A2EA-F3D23AF4126F}
	EndGlobalSection
EndGlobal
